Microsoft Visual Studio Solution File, Format Version 12.00
Project("{FAE04EC0-301F-11D3-BF4B-00C04F79EFBC}") = "nielsen.coding", "nielsen.coding.csproj", "{0F2B87B9-EA84-4B7A-A8FF-4F0F5CCA61AF}"
EndProject
Global
	GlobalSection(SolutionConfigurationPlatforms) = preSolution
		Debug|Any CPU = Debug|Any CPU
		Release|Any CPU = Release|Any CPU
	EndGlobalSection
	GlobalSection(ProjectConfigurationPlatforms) = postSolution
		{0F2B87B9-EA84-4B7A-A8FF-4F0F5CCA61AF}.Debug|Any CPU.ActiveCfg = Debug|Any CPU
		{0F2B87B9-EA84-4B7A-A8FF-4F0F5CCA61AF}.Debug|Any CPU.Build.0 = Debug|Any CPU
		{0F2B87B9-EA84-4B7A-A8FF-4F0F5CCA61AF}.Release|Any CPU.ActiveCfg = Release|Any CPU
		{0F2B87B9-EA84-4B7A-A8FF-4F0F5CCA61AF}.Release|Any CPU.Build.0 = Release|Any CPU
	EndGlobalSection
EndGlobal
